// !$*UTF8*$!
{
	archiveVersion = 1;
	classes = {
	};
	objectVersion = 46;
	objects = {

/* Begin PBXBuildFile section */
		71430787194951F400375FFD /* main.m in Sources */ = {isa = PBXBuildFile; fileRef = 71430786194951F400375FFD /* main.m */; };
		7143078A194951F400375FFD /* AppDelegate.m in Sources */ = {isa = PBXBuildFile; fileRef = 71430789194951F400375FFD /* AppDelegate.m */; };
		7143078C194951F400375FFD /* Images.xcassets in Resources */ = {isa = PBXBuildFile; fileRef = 7143078B194951F400375FFD /* Images.xcassets */; };
		71430798194951F400375FFD /* CloudKit_ManagerTests.m in Sources */ = {isa = PBXBuildFile; fileRef = 71430797194951F400375FFD /* CloudKit_ManagerTests.m */; };
		714307A31949523000375FFD /* CloudKit.framework in Frameworks */ = {isa = PBXBuildFile; fileRef = 714307A21949523000375FFD /* CloudKit.framework */; };
/* End PBXBuildFile section */

/* Begin PBXContainerItemProxy section */
		71430792194951F400375FFD /* PBXContainerItemProxy */ = {
			isa = PBXContainerItemProxy;
			containerPortal = 71430779194951F400375FFD /* Project object */;
			proxyType = 1;
			remoteGlobalIDString = 71430780194951F400375FFD;
			remoteInfo = "CloudKit Manager";
		};
/* End PBXContainerItemProxy section */

/* Begin PBXFileReference section */
		71430781194951F400375FFD /* CloudKit Manager.app */ = {isa = PBXFileReference; explicitFileType = wrapper.application; includeInIndex = 0; path = "CloudKit Manager.app"; sourceTree = BUILT_PRODUCTS_DIR; };
		71430785194951F400375FFD /* Info.plist */ = {isa = PBXFileReference; lastKnownFileType = text.plist.xml; path = Info.plist; sourceTree = "<group>"; };
		71430786194951F400375FFD /* main.m */ = {isa = PBXFileReference; lastKnownFileType = sourcecode.c.objc; path = main.m; sourceTree = "<group>"; };
		71430788194951F400375FFD /* AppDelegate.h */ = {isa = PBXFileReference; lastKnownFileType = sourcecode.c.h; path = AppDelegate.h; sourceTree = "<group>"; };
		71430789194951F400375FFD /* AppDelegate.m */ = {isa = PBXFileReference; lastKnownFileType = sourcecode.c.objc; path = AppDelegate.m; sourceTree = "<group>"; };
		7143078B194951F400375FFD /* Images.xcassets */ = {isa = PBXFileReference; lastKnownFileType = folder.assetcatalog; path = Images.xcassets; sourceTree = "<group>"; };
		71430791194951F400375FFD /* CloudKit ManagerTests.xctest */ = {isa = PBXFileReference; explicitFileType = wrapper.cfbundle; includeInIndex = 0; path = "CloudKit ManagerTests.xctest"; sourceTree = BUILT_PRODUCTS_DIR; };
		71430796194951F400375FFD /* Info.plist */ = {isa = PBXFileReference; lastKnownFileType = text.plist.xml; path = Info.plist; sourceTree = "<group>"; };
		71430797194951F400375FFD /* CloudKit_ManagerTests.m */ = {isa = PBXFileReference; lastKnownFileType = sourcecode.c.objc; path = CloudKit_ManagerTests.m; sourceTree = "<group>"; };
		714307A11949521700375FFD /* CloudKit Manager.entitlements */ = {isa = PBXFileReference; lastKnownFileType = text.xml; path = "CloudKit Manager.entitlements"; sourceTree = "<group>"; };
		714307A21949523000375FFD /* CloudKit.framework */ = {isa = PBXFileReference; lastKnownFileType = wrapper.framework; name = CloudKit.framework; path = System/Library/Frameworks/CloudKit.framework; sourceTree = SDKROOT; };
/* End PBXFileReference section */

/* Begin PBXFrameworksBuildPhase section */
		7143077E194951F400375FFD /* Frameworks */ = {
			isa = PBXFrameworksBuildPhase;
			buildActionMask = 2147483647;
			files = (
				714307A31949523000375FFD /* CloudKit.framework in Frameworks */,
			);
			runOnlyForDeploymentPostprocessing = 0;
		};
		7143078E194951F400375FFD /* Frameworks */ = {
			isa = PBXFrameworksBuildPhase;
			buildActionMask = 2147483647;
			files = (
			);
			runOnlyForDeploymentPostprocessing = 0;
		};
/* End PBXFrameworksBuildPhase section */

/* Begin PBXGroup section */
		71430778194951F400375FFD = {
			isa = PBXGroup;
			children = (
				714307A21949523000375FFD /* CloudKit.framework */,
				71430783194951F400375FFD /* CloudKit Manager */,
				71430794194951F400375FFD /* CloudKit ManagerTests */,
				71430782194951F400375FFD /* Products */,
			);
			sourceTree = "<group>";
		};
		71430782194951F400375FFD /* Products */ = {
			isa = PBXGroup;
			children = (
				71430781194951F400375FFD /* CloudKit Manager.app */,
				71430791194951F400375FFD /* CloudKit ManagerTests.xctest */,
			);
			name = Products;
			sourceTree = "<group>";
		};
		71430783194951F400375FFD /* CloudKit Manager */ = {
			isa = PBXGroup;
			children = (
				714307A11949521700375FFD /* CloudKit Manager.entitlements */,
				71430788194951F400375FFD /* AppDelegate.h */,
				71430789194951F400375FFD /* AppDelegate.m */,
				7143078B194951F400375FFD /* Images.xcassets */,
				71430784194951F400375FFD /* Supporting Files */,
			);
			path = "CloudKit Manager";
			sourceTree = "<group>";
		};
		71430784194951F400375FFD /* Supporting Files */ = {
			isa = PBXGroup;
			children = (
				71430785194951F400375FFD /* Info.plist */,
				71430786194951F400375FFD /* main.m */,
			);
			name = "Supporting Files";
			sourceTree = "<group>";
		};
		71430794194951F400375FFD /* CloudKit ManagerTests */ = {
			isa = PBXGroup;
			children = (
				71430797194951F400375FFD /* CloudKit_ManagerTests.m */,
				71430795194951F400375FFD /* Supporting Files */,
			);
			path = "CloudKit ManagerTests";
			sourceTree = "<group>";
		};
		71430795194951F400375FFD /* Supporting Files */ = {
			isa = PBXGroup;
			children = (
				71430796194951F400375FFD /* Info.plist */,
			);
			name = "Supporting Files";
			sourceTree = "<group>";
		};
/* End PBXGroup section */

/* Begin PBXNativeTarget section */
		71430780194951F400375FFD /* CloudKit Manager */ = {
			isa = PBXNativeTarget;
			buildConfigurationList = 7143079B194951F400375FFD /* Build configuration list for PBXNativeTarget "CloudKit Manager" */;
			buildPhases = (
				7143077D194951F400375FFD /* Sources */,
				7143077E194951F400375FFD /* Frameworks */,
				7143077F194951F400375FFD /* Resources */,
			);
			buildRules = (
			);
			dependencies = (
			);
			name = "CloudKit Manager";
			productName = "CloudKit Manager";
			productReference = 71430781194951F400375FFD /* CloudKit Manager.app */;
			productType = "com.apple.product-type.application";
		};
		71430790194951F400375FFD /* CloudKit ManagerTests */ = {
			isa = PBXNativeTarget;
			buildConfigurationList = 7143079E194951F400375FFD /* Build configuration list for PBXNativeTarget "CloudKit ManagerTests" */;
			buildPhases = (
				7143078D194951F400375FFD /* Sources */,
				7143078E194951F400375FFD /* Frameworks */,
				7143078F194951F400375FFD /* Resources */,
			);
			buildRules = (
			);
			dependencies = (
				71430793194951F400375FFD /* PBXTargetDependency */,
			);
			name = "CloudKit ManagerTests";
			productName = "CloudKit ManagerTests";
			productReference = 71430791194951F400375FFD /* CloudKit ManagerTests.xctest */;
			productType = "com.apple.product-type.bundle.unit-test";
		};
/* End PBXNativeTarget section */

/* Begin PBXProject section */
		71430779194951F400375FFD /* Project object */ = {
			isa = PBXProject;
			attributes = {
				CLASSPREFIX = SPR;
				LastUpgradeCheck = 0600;
				ORGANIZATIONNAME = Sprynthesis;
				TargetAttributes = {
					71430780194951F400375FFD = {
						CreatedOnToolsVersion = 6.0;
						DevelopmentTeam = P4VPL484Y6;
						SystemCapabilities = {
							com.apple.iCloud = {
								enabled = 1;
							};
						};
					};
					71430790194951F400375FFD = {
						CreatedOnToolsVersion = 6.0;
						TestTargetID = 71430780194951F400375FFD;
					};
				};
			};
			buildConfigurationList = 7143077C194951F400375FFD /* Build configuration list for PBXProject "CloudKit Manager" */;
			compatibilityVersion = "Xcode 3.2";
			developmentRegion = English;
			hasScannedForEncodings = 0;
			knownRegions = (
				en,
			);
			mainGroup = 71430778194951F400375FFD;
			productRefGroup = 71430782194951F400375FFD /* Products */;
			projectDirPath = "";
			projectRoot = "";
			targets = (
				71430780194951F400375FFD /* CloudKit Manager */,
				71430790194951F400375FFD /* CloudKit ManagerTests */,
			);
		};
/* End PBXProject section */

/* Begin PBXResourcesBuildPhase section */
		7143077F194951F400375FFD /* Resources */ = {
			isa = PBXResourcesBuildPhase;
			buildActionMask = 2147483647;
			files = (
				7143078C194951F400375FFD /* Images.xcassets in Resources */,
			);
			runOnlyForDeploymentPostprocessing = 0;
		};
		7143078F194951F400375FFD /* Resources */ = {
			isa = PBXResourcesBuildPhase;
			buildActionMask = 2147483647;
			files = (
			);
			runOnlyForDeploymentPostprocessing = 0;
		};
/* End PBXResourcesBuildPhase section */

/* Begin PBXSourcesBuildPhase section */
		7143077D194951F400375FFD /* Sources */ = {
			isa = PBXSourcesBuildPhase;
			buildActionMask = 2147483647;
			files = (
				7143078A194951F400375FFD /* AppDelegate.m in Sources */,
				71430787194951F400375FFD /* main.m in Sources */,
			);
			runOnlyForDeploymentPostprocessing = 0;
		};
		7143078D194951F400375FFD /* Sources */ = {
			isa = PBXSourcesBuildPhase;
			buildActionMask = 2147483647;
			files = (
				71430798194951F400375FFD /* CloudKit_ManagerTests.m in Sources */,
			);
			runOnlyForDeploymentPostprocessing = 0;
		};
/* End PBXSourcesBuildPhase section */

/* Begin PBXTargetDependency section */
		71430793194951F400375FFD /* PBXTargetDependency */ = {
			isa = PBXTargetDependency;
			target = 71430780194951F400375FFD /* CloudKit Manager */;
			targetProxy = 71430792194951F400375FFD /* PBXContainerItemProxy */;
		};
/* End PBXTargetDependency section */

/* Begin XCBuildConfiguration section */
		71430799194951F400375FFD /* Debug */ = {
			isa = XCBuildConfiguration;
			buildSettings = {
				ALWAYS_SEARCH_USER_PATHS = NO;
				CLANG_CXX_LANGUAGE_STANDARD = "gnu++0x";
				CLANG_CXX_LIBRARY = "libc++";
				CLANG_ENABLE_MODULES = YES;
				CLANG_ENABLE_OBJC_ARC = YES;
				CLANG_WARN_BOOL_CONVERSION = YES;
				CLANG_WARN_CONSTANT_CONVERSION = YES;
				CLANG_WARN_DIRECT_OBJC_ISA_USAGE = YES_ERROR;
				CLANG_WARN_EMPTY_BODY = YES;
				CLANG_WARN_ENUM_CONVERSION = YES;
				CLANG_WARN_INT_CONVERSION = YES;
				CLANG_WARN_OBJC_ROOT_CLASS = YES_ERROR;
				CLANG_WARN_UNREACHABLE_CODE = YES;
				CLANG_WARN__DUPLICATE_METHOD_MATCH = YES;
				"CODE_SIGN_IDENTITY[sdk=iphoneos*]" = "iPhone Developer";
				COPY_PHASE_STRIP = NO;
				ENABLE_STRICT_OBJC_MSGSEND = YES;
				GCC_C_LANGUAGE_STANDARD = gnu99;
				GCC_DYNAMIC_NO_PIC = NO;
				GCC_OPTIMIZATION_LEVEL = 0;
				GCC_PREPROCESSOR_DEFINITIONS = (
					"DEBUG=1",
					"$(inherited)",
				);
				GCC_SYMBOLS_PRIVATE_EXTERN = NO;
				GCC_WARN_64_TO_32_BIT_CONVERSION = YES;
				GCC_WARN_ABOUT_RETURN_TYPE = YES_ERROR;
				GCC_WARN_UNDECLARED_SELECTOR = YES;
				GCC_WARN_UNINITIALIZED_AUTOS = YES_AGGRESSIVE;
				GCC_WARN_UNUSED_FUNCTION = YES;
				GCC_WARN_UNUSED_VARIABLE = YES;
				IPHONEOS_DEPLOYMENT_TARGET = 8.0;
				METAL_ENABLE_DEBUG_INFO = YES;
				ONLY_ACTIVE_ARCH = YES;
				SDKROOT = iphoneos;
			};
			name = Debug;
		};
		7143079A194951F400375FFD /* Release */ = {
			isa = XCBuildConfiguration;
			buildSettings = {
				ALWAYS_SEARCH_USER_PATHS = NO;
				CLANG_CXX_LANGUAGE_STANDARD = "gnu++0x";
				CLANG_CXX_LIBRARY = "libc++";
				CLANG_ENABLE_MODULES = YES;
				CLANG_ENABLE_OBJC_ARC = YES;
				CLANG_WARN_BOOL_CONVERSION = YES;
				CLANG_WARN_CONSTANT_CONVERSION = YES;
				CLANG_WARN_DIRECT_OBJC_ISA_USAGE = YES_ERROR;
				CLANG_WARN_EMPTY_BODY = YES;
				CLANG_WARN_ENUM_CONVERSION = YES;
				CLANG_WARN_INT_CONVERSION = YES;
				CLANG_WARN_OBJC_ROOT_CLASS = YES_ERROR;
				CLANG_WARN_UNREACHABLE_CODE = YES;
				CLANG_WARN__DUPLICATE_METHOD_MATCH = YES;
				"CODE_SIGN_IDENTITY[sdk=iphoneos*]" = "iPhone Developer";
				COPY_PHASE_STRIP = YES;
				ENABLE_NS_ASSERTIONS = NO;
				ENABLE_STRICT_OBJC_MSGSEND = YES;
				GCC_C_LANGUAGE_STANDARD = gnu99;
				GCC_WARN_64_TO_32_BIT_CONVERSION = YES;
				GCC_WARN_ABOUT_RETURN_TYPE = YES_ERROR;
				GCC_WARN_UNDECLARED_SELECTOR = YES;
				GCC_WARN_UNINITIALIZED_AUTOS = YES_AGGRESSIVE;
				GCC_WARN_UNUSED_FUNCTION = YES;
				GCC_WARN_UNUSED_VARIABLE = YES;
				IPHONEOS_DEPLOYMENT_TARGET = 8.0;
				METAL_ENABLE_DEBUG_INFO = NO;
				SDKROOT = iphoneos;
				VALIDATE_PRODUCT = YES;
			};
			name = Release;
		};
		7143079C194951F400375FFD /* Debug */ = {
			isa = XCBuildConfiguration;
			buildSettings = {
				ASSETCATALOG_COMPILER_APPICON_NAME = AppIcon;
				ASSETCATALOG_COMPILER_LAUNCHIMAGE_NAME = LaunchImage;
				CODE_SIGN_ENTITLEMENTS = "CloudKit Manager/CloudKit Manager.entitlements";
				CODE_SIGN_IDENTITY = "iPhone Developer";
				"CODE_SIGN_IDENTITY[sdk=iphoneos*]" = "iPhone Developer";
				INFOPLIST_FILE = "CloudKit Manager/Info.plist";
				LD_RUNPATH_SEARCH_PATHS = "$(inherited) @executable_path/Frameworks";
				PRODUCT_NAME = "$(TARGET_NAME)";
				PROVISIONING_PROFILE = "";
			};
			name = Debug;
		};
		7143079D194951F400375FFD /* Release */ = {
			isa = XCBuildConfiguration;
			buildSettings = {
				ASSETCATALOG_COMPILER_APPICON_NAME = AppIcon;
				ASSETCATALOG_COMPILER_LAUNCHIMAGE_NAME = LaunchImage;
				CODE_SIGN_ENTITLEMENTS = "CloudKit Manager/CloudKit Manager.entitlements";
				CODE_SIGN_IDENTITY = "iPhone Developer";
				"CODE_SIGN_IDENTITY[sdk=iphoneos*]" = "iPhone Developer";
				INFOPLIST_FILE = "CloudKit Manager/Info.plist";
				LD_RUNPATH_SEARCH_PATHS = "$(inherited) @executable_path/Frameworks";
				PRODUCT_NAME = "$(TARGET_NAME)";
				PROVISIONING_PROFILE = "";
			};
			name = Release;
		};
		7143079F194951F400375FFD /* Debug */ = {
			isa = XCBuildConfiguration;
			buildSettings = {
				BUNDLE_LOADER = "$(BUILT_PRODUCTS_DIR)/CloudKit Manager.app/CloudKit Manager";
				FRAMEWORK_SEARCH_PATHS = (
					"$(SDKROOT)/Developer/Library/Frameworks",
					"$(inherited)",
				);
				GCC_PREPROCESSOR_DEFINITIONS = (
					"DEBUG=1",
					"$(inherited)",
				);
				INFOPLIST_FILE = "CloudKit ManagerTests/Info.plist";
				LD_RUNPATH_SEARCH_PATHS = "$(inherited) @executable_path/Frameworks @loader_path/Frameworks";
				METAL_ENABLE_DEBUG_INFO = YES;
				PRODUCT_NAME = "$(TARGET_NAME)";
				TEST_HOST = "$(BUNDLE_LOADER)";
			};
			name = Debug;
		};
		714307A0194951F400375FFD /* Release */ = {
			isa = XCBuildConfiguration;
			buildSettings = {
				BUNDLE_LOADER = "$(BUILT_PRODUCTS_DIR)/CloudKit Manager.app/CloudKit Manager";
				FRAMEWORK_SEARCH_PATHS = (
					"$(SDKROOT)/Developer/Library/Frameworks",
					"$(inherited)",
				);
				INFOPLIST_FILE = "CloudKit ManagerTests/Info.plist";
				LD_RUNPATH_SEARCH_PATHS = "$(inherited) @executable_path/Frameworks @loader_path/Frameworks";
				METAL_ENABLE_DEBUG_INFO = NO;
				PRODUCT_NAME = "$(TARGET_NAME)";
				TEST_HOST = "$(BUNDLE_LOADER)";
			};
			name = Release;
		};
/* End XCBuildConfiguration section */

/* Begin XCConfigurationList section */
		7143077C194951F400375FFD /* Build configuration list for PBXProject "CloudKit Manager" */ = {
			isa = XCConfigurationList;
			buildConfigurations = (
				71430799194951F400375FFD /* Debug */,
				7143079A194951F400375FFD /* Release */,
			);
			defaultConfigurationIsVisible = 0;
			defaultConfigurationName = Release;
		};
		7143079B194951F400375FFD /* Build configuration list for PBXNativeTarget "CloudKit Manager" */ = {
			isa = XCConfigurationList;
			buildConfigurations = (
				7143079C194951F400375FFD /* Debug */,
				7143079D194951F400375FFD /* Release */,
			);
			defaultConfigurationIsVisible = 0;
		};
		7143079E194951F400375FFD /* Build configuration list for PBXNativeTarget "CloudKit ManagerTests" */ = {
			isa = XCConfigurationList;
			buildConfigurations = (
				7143079F194951F400375FFD /* Debug */,
				714307A0194951F400375FFD /* Release */,
			);
			defaultConfigurationIsVisible = 0;
		};
/* End XCConfigurationList section */
	};
	rootObject = 71430779194951F400375FFD /* Project object */;
}
